
Microsoft Visual Studio Solution File, Format Version 12.00
# Visual Studio Version 17
VisualStudioVersion = 17.0.31903.59
MinimumVisualStudioVersion = 10.0.40219.1
Project("{2150E333-8FDC-42A3-9474-1A3956D46DE8}") = "src", "src", "{827E0CD3-B72D-47B6-A68D-7590B98EB39B}"
EndProject
Project("{FAE04EC0-301F-11D3-BF4B-00C04F79EFBC}") = "GodotPlay.Client", "src\GodotPlay.Client\GodotPlay.Client.csproj", "{63E40225-EA1E-4CD4-8A34-224BA7434CC6}"
EndProject
Project("{FAE04EC0-301F-11D3-BF4B-00C04F79EFBC}") = "GodotPlay.Tests", "src\GodotPlay.Tests\GodotPlay.Tests.csproj", "{C9440808-ABAA-4545-9EA0-22BF9BF7AEBF}"
EndProject
Project("{FAE04EC0-301F-11D3-BF4B-00C04F79EFBC}") = "GodotPlay.Plugin", "src\GodotPlay.Plugin\GodotPlay.Plugin.csproj", "{006B6672-03AF-4246-915D-2382AAE88A91}"
EndProject
Global
	GlobalSection(SolutionConfigurationPlatforms) = preSolution
		Debug|Any CPU = Debug|Any CPU
		Debug|x64 = Debug|x64
		Debug|x86 = Debug|x86
		Release|Any CPU = Release|Any CPU
		Release|x64 = Release|x64
		Release|x86 = Release|x86
	EndGlobalSection
	GlobalSection(ProjectConfigurationPlatforms) = postSolution
		{63E40225-EA1E-4CD4-8A34-224BA7434CC6}.Debug|Any CPU.ActiveCfg = Debug|Any CPU
		{63E40225-EA1E-4CD4-8A34-224BA7434CC6}.Debug|Any CPU.Build.0 = Debug|Any CPU
		{63E40225-EA1E-4CD4-8A34-224BA7434CC6}.Debug|x64.ActiveCfg = Debug|Any CPU
		{63E40225-EA1E-4CD4-8A34-224BA7434CC6}.Debug|x64.Build.0 = Debug|Any CPU
		{63E40225-EA1E-4CD4-8A34-224BA7434CC6}.Debug|x86.ActiveCfg = Debug|Any CPU
		{63E40225-EA1E-4CD4-8A34-224BA7434CC6}.Debug|x86.Build.0 = Debug|Any CPU
		{63E40225-EA1E-4CD4-8A34-224BA7434CC6}.Release|Any CPU.ActiveCfg = Release|Any CPU
		{63E40225-EA1E-4CD4-8A34-224BA7434CC6}.Release|Any CPU.Build.0 = Release|Any CPU
		{63E40225-EA1E-4CD4-8A34-224BA7434CC6}.Release|x64.ActiveCfg = Release|Any CPU
		{63E40225-EA1E-4CD4-8A34-224BA7434CC6}.Release|x64.Build.0 = Release|Any CPU
		{63E40225-EA1E-4CD4-8A34-224BA7434CC6}.Release|x86.ActiveCfg = Release|Any CPU
		{63E40225-EA1E-4CD4-8A34-224BA7434CC6}.Release|x86.Build.0 = Release|Any CPU
		{C9440808-ABAA-4545-9EA0-22BF9BF7AEBF}.Debug|Any CPU.ActiveCfg = Debug|Any CPU
		{C9440808-ABAA-4545-9EA0-22BF9BF7AEBF}.Debug|Any CPU.Build.0 = Debug|Any CPU
		{C9440808-ABAA-4545-9EA0-22BF9BF7AEBF}.Debug|x64.ActiveCfg = Debug|Any CPU
		{C9440808-ABAA-4545-9EA0-22BF9BF7AEBF}.Debug|x64.Build.0 = Debug|Any CPU
		{C9440808-ABAA-4545-9EA0-22BF9BF7AEBF}.Debug|x86.ActiveCfg = Debug|Any CPU
		{C9440808-ABAA-4545-9EA0-22BF9BF7AEBF}.Debug|x86.Build.0 = Debug|Any CPU
		{C9440808-ABAA-4545-9EA0-22BF9BF7AEBF}.Release|Any CPU.ActiveCfg = Release|Any CPU
		{C9440808-ABAA-4545-9EA0-22BF9BF7AEBF}.Release|Any CPU.Build.0 = Release|Any CPU
		{C9440808-ABAA-4545-9EA0-22BF9BF7AEBF}.Release|x64.ActiveCfg = Release|Any CPU
		{C9440808-ABAA-4545-9EA0-22BF9BF7AEBF}.Release|x64.Build.0 = Release|Any CPU
		{C9440808-ABAA-4545-9EA0-22BF9BF7AEBF}.Release|x86.ActiveCfg = Release|Any CPU
		{C9440808-ABAA-4545-9EA0-22BF9BF7AEBF}.Release|x86.Build.0 = Release|Any CPU
		{006B6672-03AF-4246-915D-2382AAE88A91}.Debug|Any CPU.ActiveCfg = Debug|Any CPU
		{006B6672-03AF-4246-915D-2382AAE88A91}.Debug|Any CPU.Build.0 = Debug|Any CPU
		{006B6672-03AF-4246-915D-2382AAE88A91}.Debug|x64.ActiveCfg = Debug|Any CPU
		{006B6672-03AF-4246-915D-2382AAE88A91}.Debug|x64.Build.0 = Debug|Any CPU
		{006B6672-03AF-4246-915D-2382AAE88A91}.Debug|x86.ActiveCfg = Debug|Any CPU
		{006B6672-03AF-4246-915D-2382AAE88A91}.Debug|x86.Build.0 = Debug|Any CPU
		{006B6672-03AF-4246-915D-2382AAE88A91}.Release|Any CPU.ActiveCfg = Release|Any CPU
		{006B6672-03AF-4246-915D-2382AAE88A91}.Release|Any CPU.Build.0 = Release|Any CPU
		{006B6672-03AF-4246-915D-2382AAE88A91}.Release|x64.ActiveCfg = Release|Any CPU
		{006B6672-03AF-4246-915D-2382AAE88A91}.Release|x64.Build.0 = Release|Any CPU
		{006B6672-03AF-4246-915D-2382AAE88A91}.Release|x86.ActiveCfg = Release|Any CPU
		{006B6672-03AF-4246-915D-2382AAE88A91}.Release|x86.Build.0 = Release|Any CPU
	EndGlobalSection
	GlobalSection(SolutionProperties) = preSolution
		HideSolutionNode = FALSE
	EndGlobalSection
	GlobalSection(NestedProjects) = preSolution
		{63E40225-EA1E-4CD4-8A34-224BA7434CC6} = {827E0CD3-B72D-47B6-A68D-7590B98EB39B}
		{C9440808-ABAA-4545-9EA0-22BF9BF7AEBF} = {827E0CD3-B72D-47B6-A68D-7590B98EB39B}
		{006B6672-03AF-4246-915D-2382AAE88A91} = {827E0CD3-B72D-47B6-A68D-7590B98EB39B}
	EndGlobalSection
EndGlobal
